
Microsoft Visual Studio Solution File, Format Version 12.00
# Visual Studio Version 16
VisualStudioVersion = 16.0.29709.97
MinimumVisualStudioVersion = 10.0.40219.1
Project("{FAE04EC0-301F-11D3-BF4B-00C04F79EFBC}") = "inClass-4", "inClass-4\inClass-4.csproj", "{645B4D98-D38B-4084-9B14-B439978D8A48}"
EndProject
Global
	GlobalSection(SolutionConfigurationPlatforms) = preSolution
		Debug|Any CPU = Debug|Any CPU
		Release|Any CPU = Release|Any CPU
	EndGlobalSection
	GlobalSection(ProjectConfigurationPlatforms) = postSolution
		{645B4D98-D38B-4084-9B14-B439978D8A48}.Debug|Any CPU.ActiveCfg = Debug|Any CPU
		{645B4D98-D38B-4084-9B14-B439978D8A48}.Debug|Any CPU.Build.0 = Debug|Any CPU
		{645B4D98-D38B-4084-9B14-B439978D8A48}.Release|Any CPU.ActiveCfg = Release|Any CPU
		{645B4D98-D38B-4084-9B14-B439978D8A48}.Release|Any CPU.Build.0 = Release|Any CPU
	EndGlobalSection
	GlobalSection(SolutionProperties) = preSolution
		HideSolutionNode = FALSE
	EndGlobalSection
	GlobalSection(ExtensibilityGlobals) = postSolution
		SolutionGuid = {284196E4-E9AE-4933-A0EB-75A6F15EEBF7}
	EndGlobalSection
EndGlobal
